
Microsoft Visual Studio Solution File, Format Version 12.00
# Visual Studio Version 17
VisualStudioVersion = 17.14.36603.0 d17.14
MinimumVisualStudioVersion = 10.0.40219.1
Project("{888888A0-9F3D-457C-B088-3A5042F75D52}") = "Codingal Homework 'My First Game Screen'", "Codingal Homework 'My First Game Screen'.pyproj", "{AE6CE0FF-1D5E-4FF9-BFDF-292E1C17B320}"
EndProject
Global
	GlobalSection(SolutionConfigurationPlatforms) = preSolution
		Debug|Any CPU = Debug|Any CPU
		Release|Any CPU = Release|Any CPU
	EndGlobalSection
	GlobalSection(ProjectConfigurationPlatforms) = postSolution
		{AE6CE0FF-1D5E-4FF9-BFDF-292E1C17B320}.Debug|Any CPU.ActiveCfg = Debug|Any CPU
		{AE6CE0FF-1D5E-4FF9-BFDF-292E1C17B320}.Release|Any CPU.ActiveCfg = Release|Any CPU
	EndGlobalSection
	GlobalSection(SolutionProperties) = preSolution
		HideSolutionNode = FALSE
	EndGlobalSection
	GlobalSection(ExtensibilityGlobals) = postSolution
		SolutionGuid = {647315D5-5B37-436B-8319-3E6CD57132F4}
	EndGlobalSection
EndGlobal
